
Microsoft Visual Studio Solution File, Format Version 12.00
# Visual Studio Version 16
VisualStudioVersion = 16.6.30114.105
MinimumVisualStudioVersion = 10.0.40219.1
Project("{FAE04EC0-301F-11D3-BF4B-00C04F79EFBC}") = "SkinetCore", "SkinetCore\SkinetCore.csproj", "{8AF27C93-EFF2-4857-A141-F939FDA5A731}"
EndProject
Project("{FAE04EC0-301F-11D3-BF4B-00C04F79EFBC}") = "SkinetInfrastructure", "SkinetInfrastructure\SkinetInfrastructure.csproj", "{B80A9858-14B2-4CCC-B835-414A9530F797}"
EndProject
Project("{FAE04EC0-301F-11D3-BF4B-00C04F79EFBC}") = "SkinetAPI", "SkinetAPI\SkinetAPI.csproj", "{00088A11-FBD9-4258-B1AC-361D03D6C3FC}"
EndProject
Global
	GlobalSection(SolutionConfigurationPlatforms) = preSolution
		Debug|Any CPU = Debug|Any CPU
		Debug|x64 = Debug|x64
		Debug|x86 = Debug|x86
		Release|Any CPU = Release|Any CPU
		Release|x64 = Release|x64
		Release|x86 = Release|x86
	EndGlobalSection
	GlobalSection(ProjectConfigurationPlatforms) = postSolution
		{8AF27C93-EFF2-4857-A141-F939FDA5A731}.Debug|Any CPU.ActiveCfg = Debug|Any CPU
		{8AF27C93-EFF2-4857-A141-F939FDA5A731}.Debug|Any CPU.Build.0 = Debug|Any CPU
		{8AF27C93-EFF2-4857-A141-F939FDA5A731}.Debug|x64.ActiveCfg = Debug|Any CPU
		{8AF27C93-EFF2-4857-A141-F939FDA5A731}.Debug|x64.Build.0 = Debug|Any CPU
		{8AF27C93-EFF2-4857-A141-F939FDA5A731}.Debug|x86.ActiveCfg = Debug|Any CPU
		{8AF27C93-EFF2-4857-A141-F939FDA5A731}.Debug|x86.Build.0 = Debug|Any CPU
		{8AF27C93-EFF2-4857-A141-F939FDA5A731}.Release|Any CPU.ActiveCfg = Release|Any CPU
		{8AF27C93-EFF2-4857-A141-F939FDA5A731}.Release|Any CPU.Build.0 = Release|Any CPU
		{8AF27C93-EFF2-4857-A141-F939FDA5A731}.Release|x64.ActiveCfg = Release|Any CPU
		{8AF27C93-EFF2-4857-A141-F939FDA5A731}.Release|x64.Build.0 = Release|Any CPU
		{8AF27C93-EFF2-4857-A141-F939FDA5A731}.Release|x86.ActiveCfg = Release|Any CPU
		{8AF27C93-EFF2-4857-A141-F939FDA5A731}.Release|x86.Build.0 = Release|Any CPU
		{B80A9858-14B2-4CCC-B835-414A9530F797}.Debug|Any CPU.ActiveCfg = Debug|Any CPU
		{B80A9858-14B2-4CCC-B835-414A9530F797}.Debug|Any CPU.Build.0 = Debug|Any CPU
		{B80A9858-14B2-4CCC-B835-414A9530F797}.Debug|x64.ActiveCfg = Debug|Any CPU
		{B80A9858-14B2-4CCC-B835-414A9530F797}.Debug|x64.Build.0 = Debug|Any CPU
		{B80A9858-14B2-4CCC-B835-414A9530F797}.Debug|x86.ActiveCfg = Debug|Any CPU
		{B80A9858-14B2-4CCC-B835-414A9530F797}.Debug|x86.Build.0 = Debug|Any CPU
		{B80A9858-14B2-4CCC-B835-414A9530F797}.Release|Any CPU.ActiveCfg = Release|Any CPU
		{B80A9858-14B2-4CCC-B835-414A9530F797}.Release|Any CPU.Build.0 = Release|Any CPU
		{B80A9858-14B2-4CCC-B835-414A9530F797}.Release|x64.ActiveCfg = Release|Any CPU
		{B80A9858-14B2-4CCC-B835-414A9530F797}.Release|x64.Build.0 = Release|Any CPU
		{B80A9858-14B2-4CCC-B835-414A9530F797}.Release|x86.ActiveCfg = Release|Any CPU
		{B80A9858-14B2-4CCC-B835-414A9530F797}.Release|x86.Build.0 = Release|Any CPU
		{00088A11-FBD9-4258-B1AC-361D03D6C3FC}.Debug|Any CPU.ActiveCfg = Debug|Any CPU
		{00088A11-FBD9-4258-B1AC-361D03D6C3FC}.Debug|Any CPU.Build.0 = Debug|Any CPU
		{00088A11-FBD9-4258-B1AC-361D03D6C3FC}.Debug|x64.ActiveCfg = Debug|Any CPU
		{00088A11-FBD9-4258-B1AC-361D03D6C3FC}.Debug|x64.Build.0 = Debug|Any CPU
		{00088A11-FBD9-4258-B1AC-361D03D6C3FC}.Debug|x86.ActiveCfg = Debug|Any CPU
		{00088A11-FBD9-4258-B1AC-361D03D6C3FC}.Debug|x86.Build.0 = Debug|Any CPU
		{00088A11-FBD9-4258-B1AC-361D03D6C3FC}.Release|Any CPU.ActiveCfg = Release|Any CPU
		{00088A11-FBD9-4258-B1AC-361D03D6C3FC}.Release|Any CPU.Build.0 = Release|Any CPU
		{00088A11-FBD9-4258-B1AC-361D03D6C3FC}.Release|x64.ActiveCfg = Release|Any CPU
		{00088A11-FBD9-4258-B1AC-361D03D6C3FC}.Release|x64.Build.0 = Release|Any CPU
		{00088A11-FBD9-4258-B1AC-361D03D6C3FC}.Release|x86.ActiveCfg = Release|Any CPU
		{00088A11-FBD9-4258-B1AC-361D03D6C3FC}.Release|x86.Build.0 = Release|Any CPU
	EndGlobalSection
	GlobalSection(SolutionProperties) = preSolution
		HideSolutionNode = FALSE
	EndGlobalSection
	GlobalSection(ExtensibilityGlobals) = postSolution
		SolutionGuid = {779AF18D-0575-4EEF-8C43-180995D8106D}
	EndGlobalSection
EndGlobal
